
Microsoft Visual Studio Solution File, Format Version 12.00
# Visual Studio Version 17
VisualStudioVersion = 17.9.34902.65
MinimumVisualStudioVersion = 10.0.40219.1
Project("{9A19103F-16F7-4668-BE54-9A1E7A4F7556}") = "TaskManager_backend", "TaskManager_backend.csproj", "{9920FD42-4A9C-44C5-B5A5-F8517C41ECA7}"
EndProject
Project("{2150E333-8FDC-42A3-9474-1A3956D46DE8}") = "2. Entities", "2. Entities", "{B4900E4C-064C-405E-85F1-7EC3E69FD60D}"
EndProject
Project("{2150E333-8FDC-42A3-9474-1A3956D46DE8}") = "1. Client", "1. Client", "{05E14E86-BF3E-4CD0-84AF-1DFEA2476198}"
EndProject
Project("{2150E333-8FDC-42A3-9474-1A3956D46DE8}") = "3. Unit of Work", "3. Unit of Work", "{38CD02AE-AF33-4E24-8841-E73F59A7CF8A}"
EndProject
Project("{2150E333-8FDC-42A3-9474-1A3956D46DE8}") = "4. Repository", "4. Repository", "{2CE1003B-4BE2-4A79-8480-E17ADB0C0B48}"
EndProject
Project("{2150E333-8FDC-42A3-9474-1A3956D46DE8}") = "5. Domain", "5. Domain", "{D012C320-4F5A-4A02-9343-5F437E994C7A}"
EndProject
Project("{FAE04EC0-301F-11D3-BF4B-00C04F79EFBC}") = "TaskManager.Entities", "..\TaskManager.Entities\TaskManager.Entities.csproj", "{A1FE9639-CE9A-4E63-A494-F7080D29875C}"
EndProject
Project("{FAE04EC0-301F-11D3-BF4B-00C04F79EFBC}") = "TaskManager.UnitOfWork.Interfaces", "..\TaskManager.UnitOfWork.Interfaces\TaskManager.UnitOfWork.Interfaces.csproj", "{F3C4AE66-4C38-45EF-AD0D-1BE9B194E4B2}"
EndProject
Project("{FAE04EC0-301F-11D3-BF4B-00C04F79EFBC}") = "TaskManager.UnitOfWork.Models", "..\TaskManager.UnitOfWork.Models\TaskManager.UnitOfWork.Models.csproj", "{CEEAF9D3-300A-459A-8BAC-8A81BC3A9C71}"
EndProject
Project("{FAE04EC0-301F-11D3-BF4B-00C04F79EFBC}") = "TaskManager.Repository.Interfaces", "..\TaskManager.Repository.Interfaces\TaskManager.Repository.Interfaces.csproj", "{D9833E2F-473C-46E1-966A-885E4337F6AD}"
EndProject
Project("{FAE04EC0-301F-11D3-BF4B-00C04F79EFBC}") = "TaskManager.Repository.Models", "..\TaskManager.Repository.Models\TaskManager.Repository.Models.csproj", "{6E511309-5E1B-4502-B779-4278C231288F}"
EndProject
Project("{2150E333-8FDC-42A3-9474-1A3956D46DE8}") = "6. Helpers", "6. Helpers", "{4116D493-782C-41DA-8D3A-F618EB49CF8A}"
EndProject
Project("{FAE04EC0-301F-11D3-BF4B-00C04F79EFBC}") = "TaskManager.Domain.Interfaces", "..\TaskManager.Domain.Interfaces\TaskManager.Domain.Interfaces.csproj", "{1B287A2B-55A7-4DF3-901F-7F62BD42B3F3}"
EndProject
Project("{FAE04EC0-301F-11D3-BF4B-00C04F79EFBC}") = "TaskManager.Domain.Models", "..\TaskManager.Domain.Models\TaskManager.Domain.Models.csproj", "{FBE4540E-7501-4E67-B31E-4D51A8FDDB3C}"
EndProject
Project("{FAE04EC0-301F-11D3-BF4B-00C04F79EFBC}") = "TaskManager.Helpers", "..\TaskManager.Helpers\TaskManager.Helpers.csproj", "{BE9FF193-8BB6-4D66-9420-623A80F1135D}"
EndProject
Global
	GlobalSection(SolutionConfigurationPlatforms) = preSolution
		Debug|Any CPU = Debug|Any CPU
		Release|Any CPU = Release|Any CPU
	EndGlobalSection
	GlobalSection(ProjectConfigurationPlatforms) = postSolution
		{9920FD42-4A9C-44C5-B5A5-F8517C41ECA7}.Debug|Any CPU.ActiveCfg = Debug|Any CPU
		{9920FD42-4A9C-44C5-B5A5-F8517C41ECA7}.Debug|Any CPU.Build.0 = Debug|Any CPU
		{9920FD42-4A9C-44C5-B5A5-F8517C41ECA7}.Release|Any CPU.ActiveCfg = Release|Any CPU
		{9920FD42-4A9C-44C5-B5A5-F8517C41ECA7}.Release|Any CPU.Build.0 = Release|Any CPU
		{A1FE9639-CE9A-4E63-A494-F7080D29875C}.Debug|Any CPU.ActiveCfg = Debug|Any CPU
		{A1FE9639-CE9A-4E63-A494-F7080D29875C}.Debug|Any CPU.Build.0 = Debug|Any CPU
		{A1FE9639-CE9A-4E63-A494-F7080D29875C}.Release|Any CPU.ActiveCfg = Release|Any CPU
		{A1FE9639-CE9A-4E63-A494-F7080D29875C}.Release|Any CPU.Build.0 = Release|Any CPU
		{F3C4AE66-4C38-45EF-AD0D-1BE9B194E4B2}.Debug|Any CPU.ActiveCfg = Debug|Any CPU
		{F3C4AE66-4C38-45EF-AD0D-1BE9B194E4B2}.Debug|Any CPU.Build.0 = Debug|Any CPU
		{F3C4AE66-4C38-45EF-AD0D-1BE9B194E4B2}.Release|Any CPU.ActiveCfg = Release|Any CPU
		{F3C4AE66-4C38-45EF-AD0D-1BE9B194E4B2}.Release|Any CPU.Build.0 = Release|Any CPU
		{CEEAF9D3-300A-459A-8BAC-8A81BC3A9C71}.Debug|Any CPU.ActiveCfg = Debug|Any CPU
		{CEEAF9D3-300A-459A-8BAC-8A81BC3A9C71}.Debug|Any CPU.Build.0 = Debug|Any CPU
		{CEEAF9D3-300A-459A-8BAC-8A81BC3A9C71}.Release|Any CPU.ActiveCfg = Release|Any CPU
		{CEEAF9D3-300A-459A-8BAC-8A81BC3A9C71}.Release|Any CPU.Build.0 = Release|Any CPU
		{D9833E2F-473C-46E1-966A-885E4337F6AD}.Debug|Any CPU.ActiveCfg = Debug|Any CPU
		{D9833E2F-473C-46E1-966A-885E4337F6AD}.Debug|Any CPU.Build.0 = Debug|Any CPU
		{D9833E2F-473C-46E1-966A-885E4337F6AD}.Release|Any CPU.ActiveCfg = Release|Any CPU
		{D9833E2F-473C-46E1-966A-885E4337F6AD}.Release|Any CPU.Build.0 = Release|Any CPU
		{6E511309-5E1B-4502-B779-4278C231288F}.Debug|Any CPU.ActiveCfg = Debug|Any CPU
		{6E511309-5E1B-4502-B779-4278C231288F}.Debug|Any CPU.Build.0 = Debug|Any CPU
		{6E511309-5E1B-4502-B779-4278C231288F}.Release|Any CPU.ActiveCfg = Release|Any CPU
		{6E511309-5E1B-4502-B779-4278C231288F}.Release|Any CPU.Build.0 = Release|Any CPU
		{1B287A2B-55A7-4DF3-901F-7F62BD42B3F3}.Debug|Any CPU.ActiveCfg = Debug|Any CPU
		{1B287A2B-55A7-4DF3-901F-7F62BD42B3F3}.Debug|Any CPU.Build.0 = Debug|Any CPU
		{1B287A2B-55A7-4DF3-901F-7F62BD42B3F3}.Release|Any CPU.ActiveCfg = Release|Any CPU
		{1B287A2B-55A7-4DF3-901F-7F62BD42B3F3}.Release|Any CPU.Build.0 = Release|Any CPU
		{FBE4540E-7501-4E67-B31E-4D51A8FDDB3C}.Debug|Any CPU.ActiveCfg = Debug|Any CPU
		{FBE4540E-7501-4E67-B31E-4D51A8FDDB3C}.Debug|Any CPU.Build.0 = Debug|Any CPU
		{FBE4540E-7501-4E67-B31E-4D51A8FDDB3C}.Release|Any CPU.ActiveCfg = Release|Any CPU
		{FBE4540E-7501-4E67-B31E-4D51A8FDDB3C}.Release|Any CPU.Build.0 = Release|Any CPU
		{BE9FF193-8BB6-4D66-9420-623A80F1135D}.Debug|Any CPU.ActiveCfg = Debug|Any CPU
		{BE9FF193-8BB6-4D66-9420-623A80F1135D}.Debug|Any CPU.Build.0 = Debug|Any CPU
		{BE9FF193-8BB6-4D66-9420-623A80F1135D}.Release|Any CPU.ActiveCfg = Release|Any CPU
		{BE9FF193-8BB6-4D66-9420-623A80F1135D}.Release|Any CPU.Build.0 = Release|Any CPU
	EndGlobalSection
	GlobalSection(SolutionProperties) = preSolution
		HideSolutionNode = FALSE
	EndGlobalSection
	GlobalSection(NestedProjects) = preSolution
		{9920FD42-4A9C-44C5-B5A5-F8517C41ECA7} = {05E14E86-BF3E-4CD0-84AF-1DFEA2476198}
		{A1FE9639-CE9A-4E63-A494-F7080D29875C} = {B4900E4C-064C-405E-85F1-7EC3E69FD60D}
		{F3C4AE66-4C38-45EF-AD0D-1BE9B194E4B2} = {38CD02AE-AF33-4E24-8841-E73F59A7CF8A}
		{CEEAF9D3-300A-459A-8BAC-8A81BC3A9C71} = {38CD02AE-AF33-4E24-8841-E73F59A7CF8A}
		{D9833E2F-473C-46E1-966A-885E4337F6AD} = {2CE1003B-4BE2-4A79-8480-E17ADB0C0B48}
		{6E511309-5E1B-4502-B779-4278C231288F} = {2CE1003B-4BE2-4A79-8480-E17ADB0C0B48}
		{1B287A2B-55A7-4DF3-901F-7F62BD42B3F3} = {D012C320-4F5A-4A02-9343-5F437E994C7A}
		{FBE4540E-7501-4E67-B31E-4D51A8FDDB3C} = {D012C320-4F5A-4A02-9343-5F437E994C7A}
		{BE9FF193-8BB6-4D66-9420-623A80F1135D} = {4116D493-782C-41DA-8D3A-F618EB49CF8A}
	EndGlobalSection
	GlobalSection(ExtensibilityGlobals) = postSolution
		SolutionGuid = {AC9FDF6A-D434-4432-A5B4-805464A92A4A}
	EndGlobalSection
EndGlobal
